
Microsoft Visual Studio Solution File, Format Version 12.00
# Visual Studio 2012
Project("{FAE04EC0-301F-11D3-BF4B-00C04F79EFBC}") = "1.CartesianCoordinateSystem", "1.CartesianCoordinateSystem\1.CartesianCoordinateSystem.csproj", "{D0A03A3B-3F52-4359-813A-B5D5C45C8894}"
EndProject
Project("{FAE04EC0-301F-11D3-BF4B-00C04F79EFBC}") = "2.Tribonacci", "2.Tribonacci\2.Tribonacci.csproj", "{AB069AE9-BAC0-49C3-BBFB-F5CA7D8A2242}"
EndProject
Project("{FAE04EC0-301F-11D3-BF4B-00C04F79EFBC}") = "3.SandGlass", "3.SandGlass\3.SandGlass.csproj", "{8D46F747-E4E3-4292-9CB3-7AC705D59A20}"
EndProject
Project("{FAE04EC0-301F-11D3-BF4B-00C04F79EFBC}") = "4.BullsAndCows", "4.BullsAndCows\4.BullsAndCows.csproj", "{9C883FE0-AB4D-442C-A033-B5CE106E6747}"
EndProject
Project("{FAE04EC0-301F-11D3-BF4B-00C04F79EFBC}") = "5.WeAllLoveBits", "5.WeAllLoveBits\5.WeAllLoveBits.csproj", "{B3A1526F-1634-4954-A935-5AEDB9279ABC}"
EndProject
Global
	GlobalSection(SolutionConfigurationPlatforms) = preSolution
		Debug|Any CPU = Debug|Any CPU
		Release|Any CPU = Release|Any CPU
	EndGlobalSection
	GlobalSection(ProjectConfigurationPlatforms) = postSolution
		{D0A03A3B-3F52-4359-813A-B5D5C45C8894}.Debug|Any CPU.ActiveCfg = Debug|Any CPU
		{D0A03A3B-3F52-4359-813A-B5D5C45C8894}.Debug|Any CPU.Build.0 = Debug|Any CPU
		{D0A03A3B-3F52-4359-813A-B5D5C45C8894}.Release|Any CPU.ActiveCfg = Release|Any CPU
		{D0A03A3B-3F52-4359-813A-B5D5C45C8894}.Release|Any CPU.Build.0 = Release|Any CPU
		{AB069AE9-BAC0-49C3-BBFB-F5CA7D8A2242}.Debug|Any CPU.ActiveCfg = Debug|Any CPU
		{AB069AE9-BAC0-49C3-BBFB-F5CA7D8A2242}.Debug|Any CPU.Build.0 = Debug|Any CPU
		{AB069AE9-BAC0-49C3-BBFB-F5CA7D8A2242}.Release|Any CPU.ActiveCfg = Release|Any CPU
		{AB069AE9-BAC0-49C3-BBFB-F5CA7D8A2242}.Release|Any CPU.Build.0 = Release|Any CPU
		{8D46F747-E4E3-4292-9CB3-7AC705D59A20}.Debug|Any CPU.ActiveCfg = Debug|Any CPU
		{8D46F747-E4E3-4292-9CB3-7AC705D59A20}.Debug|Any CPU.Build.0 = Debug|Any CPU
		{8D46F747-E4E3-4292-9CB3-7AC705D59A20}.Release|Any CPU.ActiveCfg = Release|Any CPU
		{8D46F747-E4E3-4292-9CB3-7AC705D59A20}.Release|Any CPU.Build.0 = Release|Any CPU
		{9C883FE0-AB4D-442C-A033-B5CE106E6747}.Debug|Any CPU.ActiveCfg = Debug|Any CPU
		{9C883FE0-AB4D-442C-A033-B5CE106E6747}.Debug|Any CPU.Build.0 = Debug|Any CPU
		{9C883FE0-AB4D-442C-A033-B5CE106E6747}.Release|Any CPU.ActiveCfg = Release|Any CPU
		{9C883FE0-AB4D-442C-A033-B5CE106E6747}.Release|Any CPU.Build.0 = Release|Any CPU
		{B3A1526F-1634-4954-A935-5AEDB9279ABC}.Debug|Any CPU.ActiveCfg = Debug|Any CPU
		{B3A1526F-1634-4954-A935-5AEDB9279ABC}.Debug|Any CPU.Build.0 = Debug|Any CPU
		{B3A1526F-1634-4954-A935-5AEDB9279ABC}.Release|Any CPU.ActiveCfg = Release|Any CPU
		{B3A1526F-1634-4954-A935-5AEDB9279ABC}.Release|Any CPU.Build.0 = Release|Any CPU
	EndGlobalSection
	GlobalSection(SolutionProperties) = preSolution
		HideSolutionNode = FALSE
	EndGlobalSection
EndGlobal
